
Microsoft Visual Studio Solution File, Format Version 12.00
# Visual Studio Version 17
VisualStudioVersion = 17.5.002.0
MinimumVisualStudioVersion = 10.0.40219.1
Project("{9A19103F-16F7-4668-BE54-9A1E7A4F7556}") = "model", "model\model.csproj", "{3EFF02D1-B093-4EAC-9854-DBC677ED3634}"
EndProject
Project("{9A19103F-16F7-4668-BE54-9A1E7A4F7556}") = "specs", "specs\specs.csproj", "{5C8A3771-016E-45FC-AF3E-66BF630CF52F}"
EndProject
Project("{2150E333-8FDC-42A3-9474-1A3956D46DE8}") = "cli", "cli", "{324342D6-E764-4604-A873-933FF310EDC4}"
EndProject
Project("{9A19103F-16F7-4668-BE54-9A1E7A4F7556}") = "cli", "cli\src\cli.csproj", "{2232602A-7B09-4D0F-B8D7-36CEE242173A}"
EndProject
Project("{9A19103F-16F7-4668-BE54-9A1E7A4F7556}") = "cli.tests", "cli\tests\cli.tests.csproj", "{F06E000C-69DC-4E3A-AA12-E277EF85FCB6}"
EndProject
Project("{2150E333-8FDC-42A3-9474-1A3956D46DE8}") = "WinTasks", "WinTasks", "{44948098-D9C5-49B9-AB19-A3A5C2607704}"
EndProject
Project("{9A19103F-16F7-4668-BE54-9A1E7A4F7556}") = "WinTasks", "WinTasks\src\WinTasks.csproj", "{6BD466B9-F04F-47E5-81B2-8C08BF39D054}"
EndProject
Project("{2150E333-8FDC-42A3-9474-1A3956D46DE8}") = "development", "development", "{9BE15BCB-7BF3-4766-9AAA-4F84685AED01}"
EndProject
Project("{9A19103F-16F7-4668-BE54-9A1E7A4F7556}") = "yaml-prompt-code-analyzer", "development\code-analyzer\yaml-prompt-code-analyzer.csproj", "{280C7E12-7910-42B3-8602-912103542482}"
EndProject
Project("{9A19103F-16F7-4668-BE54-9A1E7A4F7556}") = "yaml-prompt-dev-utils", "development\dev-utils\yaml-prompt-dev-utils.csproj", "{F19E676F-21B0-41BB-A0EC-CC90414AAABB}"
EndProject
Project("{9A19103F-16F7-4668-BE54-9A1E7A4F7556}") = "yaml-prompt-dev-rules", "development\dev-rules\yaml-prompt-dev-rules.csproj", "{D05B1E52-E324-49C5-87C0-E144A027F27B}"
EndProject
Project("{FAE04EC0-301F-11D3-BF4B-00C04F79EFBC}") = "dev-tests", "development\dev-tests\dev-tests.csproj", "{BAD04A70-5ACB-48F9-9500-A0DC3931C54B}"
EndProject
Project("{2150E333-8FDC-42A3-9474-1A3956D46DE8}") = "dev", "dev", "{71A72080-0C43-47CE-88A7-1DCC962A3335}"
EndProject
Project("{FAE04EC0-301F-11D3-BF4B-00C04F79EFBC}") = "defs1", "cli\dev\defs1\defs1.csproj", "{FB13F88D-1D54-4E1D-A432-64DB18FE80F3}"
EndProject
Project("{FAE04EC0-301F-11D3-BF4B-00C04F79EFBC}") = "defs2", "cli\dev\defs2\defs2.csproj", "{BB599BFD-04A3-4765-BB40-F1AF259C665B}"
EndProject
Project("{2150E333-8FDC-42A3-9474-1A3956D46DE8}") = "core", "core", "{30861ED3-A9B7-4B84-9AC0-F0581E1D2145}"
EndProject
Project("{FAE04EC0-301F-11D3-BF4B-00C04F79EFBC}") = "yaml-prompt-core", "core\src\yaml-prompt-core.csproj", "{680A4F9A-EEA1-432C-A5F1-4D51AF7A4E76}"
EndProject
Project("{FAE04EC0-301F-11D3-BF4B-00C04F79EFBC}") = "yaml-prompt-tasks", "tasks\yaml-prompt-tasks.csproj", "{BFBF82E8-5212-40CC-90C9-77E293C7F955}"
EndProject
Global
	GlobalSection(SolutionConfigurationPlatforms) = preSolution
		Debug|Any CPU = Debug|Any CPU
		Release|Any CPU = Release|Any CPU
	EndGlobalSection
	GlobalSection(ProjectConfigurationPlatforms) = postSolution
		{3EFF02D1-B093-4EAC-9854-DBC677ED3634}.Debug|Any CPU.ActiveCfg = Debug|Any CPU
		{3EFF02D1-B093-4EAC-9854-DBC677ED3634}.Debug|Any CPU.Build.0 = Debug|Any CPU
		{3EFF02D1-B093-4EAC-9854-DBC677ED3634}.Release|Any CPU.ActiveCfg = Release|Any CPU
		{3EFF02D1-B093-4EAC-9854-DBC677ED3634}.Release|Any CPU.Build.0 = Release|Any CPU
		{5C8A3771-016E-45FC-AF3E-66BF630CF52F}.Debug|Any CPU.ActiveCfg = Debug|Any CPU
		{5C8A3771-016E-45FC-AF3E-66BF630CF52F}.Debug|Any CPU.Build.0 = Debug|Any CPU
		{5C8A3771-016E-45FC-AF3E-66BF630CF52F}.Release|Any CPU.ActiveCfg = Release|Any CPU
		{5C8A3771-016E-45FC-AF3E-66BF630CF52F}.Release|Any CPU.Build.0 = Release|Any CPU
		{2232602A-7B09-4D0F-B8D7-36CEE242173A}.Debug|Any CPU.ActiveCfg = Debug|Any CPU
		{2232602A-7B09-4D0F-B8D7-36CEE242173A}.Debug|Any CPU.Build.0 = Debug|Any CPU
		{2232602A-7B09-4D0F-B8D7-36CEE242173A}.Release|Any CPU.ActiveCfg = Release|Any CPU
		{2232602A-7B09-4D0F-B8D7-36CEE242173A}.Release|Any CPU.Build.0 = Release|Any CPU
		{F06E000C-69DC-4E3A-AA12-E277EF85FCB6}.Debug|Any CPU.ActiveCfg = Debug|Any CPU
		{F06E000C-69DC-4E3A-AA12-E277EF85FCB6}.Debug|Any CPU.Build.0 = Debug|Any CPU
		{F06E000C-69DC-4E3A-AA12-E277EF85FCB6}.Release|Any CPU.ActiveCfg = Release|Any CPU
		{F06E000C-69DC-4E3A-AA12-E277EF85FCB6}.Release|Any CPU.Build.0 = Release|Any CPU
		{6BD466B9-F04F-47E5-81B2-8C08BF39D054}.Debug|Any CPU.ActiveCfg = Debug|Any CPU
		{6BD466B9-F04F-47E5-81B2-8C08BF39D054}.Debug|Any CPU.Build.0 = Debug|Any CPU
		{6BD466B9-F04F-47E5-81B2-8C08BF39D054}.Release|Any CPU.ActiveCfg = Release|Any CPU
		{6BD466B9-F04F-47E5-81B2-8C08BF39D054}.Release|Any CPU.Build.0 = Release|Any CPU
		{280C7E12-7910-42B3-8602-912103542482}.Debug|Any CPU.ActiveCfg = Debug|Any CPU
		{280C7E12-7910-42B3-8602-912103542482}.Debug|Any CPU.Build.0 = Debug|Any CPU
		{280C7E12-7910-42B3-8602-912103542482}.Release|Any CPU.ActiveCfg = Release|Any CPU
		{280C7E12-7910-42B3-8602-912103542482}.Release|Any CPU.Build.0 = Release|Any CPU
		{F19E676F-21B0-41BB-A0EC-CC90414AAABB}.Debug|Any CPU.ActiveCfg = Debug|Any CPU
		{F19E676F-21B0-41BB-A0EC-CC90414AAABB}.Debug|Any CPU.Build.0 = Debug|Any CPU
		{F19E676F-21B0-41BB-A0EC-CC90414AAABB}.Release|Any CPU.ActiveCfg = Release|Any CPU
		{F19E676F-21B0-41BB-A0EC-CC90414AAABB}.Release|Any CPU.Build.0 = Release|Any CPU
		{D05B1E52-E324-49C5-87C0-E144A027F27B}.Debug|Any CPU.ActiveCfg = Debug|Any CPU
		{D05B1E52-E324-49C5-87C0-E144A027F27B}.Debug|Any CPU.Build.0 = Debug|Any CPU
		{D05B1E52-E324-49C5-87C0-E144A027F27B}.Release|Any CPU.ActiveCfg = Release|Any CPU
		{D05B1E52-E324-49C5-87C0-E144A027F27B}.Release|Any CPU.Build.0 = Release|Any CPU
		{BAD04A70-5ACB-48F9-9500-A0DC3931C54B}.Debug|Any CPU.ActiveCfg = Debug|Any CPU
		{BAD04A70-5ACB-48F9-9500-A0DC3931C54B}.Debug|Any CPU.Build.0 = Debug|Any CPU
		{BAD04A70-5ACB-48F9-9500-A0DC3931C54B}.Release|Any CPU.ActiveCfg = Release|Any CPU
		{BAD04A70-5ACB-48F9-9500-A0DC3931C54B}.Release|Any CPU.Build.0 = Release|Any CPU
		{FB13F88D-1D54-4E1D-A432-64DB18FE80F3}.Debug|Any CPU.ActiveCfg = Debug|Any CPU
		{FB13F88D-1D54-4E1D-A432-64DB18FE80F3}.Debug|Any CPU.Build.0 = Debug|Any CPU
		{FB13F88D-1D54-4E1D-A432-64DB18FE80F3}.Release|Any CPU.ActiveCfg = Release|Any CPU
		{FB13F88D-1D54-4E1D-A432-64DB18FE80F3}.Release|Any CPU.Build.0 = Release|Any CPU
		{BB599BFD-04A3-4765-BB40-F1AF259C665B}.Debug|Any CPU.ActiveCfg = Debug|Any CPU
		{BB599BFD-04A3-4765-BB40-F1AF259C665B}.Debug|Any CPU.Build.0 = Debug|Any CPU
		{BB599BFD-04A3-4765-BB40-F1AF259C665B}.Release|Any CPU.ActiveCfg = Release|Any CPU
		{BB599BFD-04A3-4765-BB40-F1AF259C665B}.Release|Any CPU.Build.0 = Release|Any CPU
		{680A4F9A-EEA1-432C-A5F1-4D51AF7A4E76}.Debug|Any CPU.ActiveCfg = Debug|Any CPU
		{680A4F9A-EEA1-432C-A5F1-4D51AF7A4E76}.Debug|Any CPU.Build.0 = Debug|Any CPU
		{680A4F9A-EEA1-432C-A5F1-4D51AF7A4E76}.Release|Any CPU.ActiveCfg = Release|Any CPU
		{680A4F9A-EEA1-432C-A5F1-4D51AF7A4E76}.Release|Any CPU.Build.0 = Release|Any CPU
		{BFBF82E8-5212-40CC-90C9-77E293C7F955}.Debug|Any CPU.ActiveCfg = Debug|Any CPU
		{BFBF82E8-5212-40CC-90C9-77E293C7F955}.Debug|Any CPU.Build.0 = Debug|Any CPU
		{BFBF82E8-5212-40CC-90C9-77E293C7F955}.Release|Any CPU.ActiveCfg = Release|Any CPU
		{BFBF82E8-5212-40CC-90C9-77E293C7F955}.Release|Any CPU.Build.0 = Release|Any CPU
	EndGlobalSection
	GlobalSection(SolutionProperties) = preSolution
		HideSolutionNode = FALSE
	EndGlobalSection
	GlobalSection(NestedProjects) = preSolution
		{2232602A-7B09-4D0F-B8D7-36CEE242173A} = {324342D6-E764-4604-A873-933FF310EDC4}
		{F06E000C-69DC-4E3A-AA12-E277EF85FCB6} = {324342D6-E764-4604-A873-933FF310EDC4}
		{6BD466B9-F04F-47E5-81B2-8C08BF39D054} = {44948098-D9C5-49B9-AB19-A3A5C2607704}
		{280C7E12-7910-42B3-8602-912103542482} = {9BE15BCB-7BF3-4766-9AAA-4F84685AED01}
		{F19E676F-21B0-41BB-A0EC-CC90414AAABB} = {9BE15BCB-7BF3-4766-9AAA-4F84685AED01}
		{D05B1E52-E324-49C5-87C0-E144A027F27B} = {9BE15BCB-7BF3-4766-9AAA-4F84685AED01}
		{BAD04A70-5ACB-48F9-9500-A0DC3931C54B} = {9BE15BCB-7BF3-4766-9AAA-4F84685AED01}
		{71A72080-0C43-47CE-88A7-1DCC962A3335} = {324342D6-E764-4604-A873-933FF310EDC4}
		{FB13F88D-1D54-4E1D-A432-64DB18FE80F3} = {71A72080-0C43-47CE-88A7-1DCC962A3335}
		{BB599BFD-04A3-4765-BB40-F1AF259C665B} = {71A72080-0C43-47CE-88A7-1DCC962A3335}
		{680A4F9A-EEA1-432C-A5F1-4D51AF7A4E76} = {30861ED3-A9B7-4B84-9AC0-F0581E1D2145}
	EndGlobalSection
	GlobalSection(ExtensibilityGlobals) = postSolution
		SolutionGuid = {3A0BF7EA-B2D8-42CB-B198-FDA02F72EC89}
	EndGlobalSection
EndGlobal
