
Microsoft Visual Studio Solution File, Format Version 12.00
# Visual Studio Version 17
VisualStudioVersion = 17.5.002.0
MinimumVisualStudioVersion = 10.0.40219.1
Project("{9A19103F-16F7-4668-BE54-9A1E7A4F7556}") = "specs", "specs\specs.csproj", "{5C8A3771-016E-45FC-AF3E-66BF630CF52F}"
EndProject
Project("{2150E333-8FDC-42A3-9474-1A3956D46DE8}") = "WinTasks", "WinTasks", "{44948098-D9C5-49B9-AB19-A3A5C2607704}"
EndProject
Project("{9A19103F-16F7-4668-BE54-9A1E7A4F7556}") = "WinTasks", "WinTasks\src\WinTasks.csproj", "{6BD466B9-F04F-47E5-81B2-8C08BF39D054}"
EndProject
Project("{2150E333-8FDC-42A3-9474-1A3956D46DE8}") = "development", "development", "{9BE15BCB-7BF3-4766-9AAA-4F84685AED01}"
EndProject
Project("{9A19103F-16F7-4668-BE54-9A1E7A4F7556}") = "yaml-prompt-code-analyzer", "development\code-analyzer\yaml-prompt-code-analyzer.csproj", "{280C7E12-7910-42B3-8602-912103542482}"
EndProject
Project("{9A19103F-16F7-4668-BE54-9A1E7A4F7556}") = "yaml-prompt-dev-utils", "development\dev-utils\yaml-prompt-dev-utils.csproj", "{F19E676F-21B0-41BB-A0EC-CC90414AAABB}"
EndProject
Project("{9A19103F-16F7-4668-BE54-9A1E7A4F7556}") = "yaml-prompt-dev-rules", "development\dev-rules\yaml-prompt-dev-rules.csproj", "{D05B1E52-E324-49C5-87C0-E144A027F27B}"
EndProject
Project("{FAE04EC0-301F-11D3-BF4B-00C04F79EFBC}") = "dev-tests", "development\dev-tests\dev-tests.csproj", "{BAD04A70-5ACB-48F9-9500-A0DC3931C54B}"
EndProject
Project("{2150E333-8FDC-42A3-9474-1A3956D46DE8}") = "asset", "asset", "{E75BDB5E-D1DE-4318-B4E0-17B6E0898B9D}"
EndProject
Project("{2150E333-8FDC-42A3-9474-1A3956D46DE8}") = "cli", "cli", "{978E0C80-CC16-4A11-9687-02A26C41FFDF}"
EndProject
Project("{FAE04EC0-301F-11D3-BF4B-00C04F79EFBC}") = "cli", "asset\cli\src\cli.csproj", "{834DCD3A-EDC5-4D85-9691-88479C04965B}"
EndProject
Project("{FAE04EC0-301F-11D3-BF4B-00C04F79EFBC}") = "cli.tests", "asset\cli\tests\cli.tests.csproj", "{36DA9791-875E-4173-B87D-6640248CAC06}"
EndProject
Project("{2150E333-8FDC-42A3-9474-1A3956D46DE8}") = "dev", "dev", "{73E880E4-4164-4716-B529-3E58F17473A4}"
EndProject
Project("{FAE04EC0-301F-11D3-BF4B-00C04F79EFBC}") = "defs1", "asset\cli\dev\defs1\defs1.csproj", "{4C06E3D0-9F7D-45F5-AB5B-41DCD989BC4C}"
EndProject
Project("{FAE04EC0-301F-11D3-BF4B-00C04F79EFBC}") = "defs2", "asset\cli\dev\defs2\defs2.csproj", "{795FA7DC-89C5-4F3A-8BD9-6BA08004A2A6}"
EndProject
Project("{2150E333-8FDC-42A3-9474-1A3956D46DE8}") = "core", "core", "{7BC0E798-A4E4-4E57-B6D7-DA097721CD39}"
EndProject
Project("{FAE04EC0-301F-11D3-BF4B-00C04F79EFBC}") = "yaml-prompt-core", "asset\core\src\yaml-prompt-core.csproj", "{9B5D99DF-7C15-4AE3-9B41-329A79D22243}"
EndProject
Project("{FAE04EC0-301F-11D3-BF4B-00C04F79EFBC}") = "model", "asset\model\model.csproj", "{DDD68024-6808-41AA-91B9-5678E0F9548F}"
EndProject
Global
	GlobalSection(SolutionConfigurationPlatforms) = preSolution
		Debug|Any CPU = Debug|Any CPU
		Release|Any CPU = Release|Any CPU
	EndGlobalSection
	GlobalSection(ProjectConfigurationPlatforms) = postSolution
		{5C8A3771-016E-45FC-AF3E-66BF630CF52F}.Debug|Any CPU.ActiveCfg = Debug|Any CPU
		{5C8A3771-016E-45FC-AF3E-66BF630CF52F}.Debug|Any CPU.Build.0 = Debug|Any CPU
		{5C8A3771-016E-45FC-AF3E-66BF630CF52F}.Release|Any CPU.ActiveCfg = Release|Any CPU
		{5C8A3771-016E-45FC-AF3E-66BF630CF52F}.Release|Any CPU.Build.0 = Release|Any CPU
		{6BD466B9-F04F-47E5-81B2-8C08BF39D054}.Debug|Any CPU.ActiveCfg = Debug|Any CPU
		{6BD466B9-F04F-47E5-81B2-8C08BF39D054}.Debug|Any CPU.Build.0 = Debug|Any CPU
		{6BD466B9-F04F-47E5-81B2-8C08BF39D054}.Release|Any CPU.ActiveCfg = Release|Any CPU
		{6BD466B9-F04F-47E5-81B2-8C08BF39D054}.Release|Any CPU.Build.0 = Release|Any CPU
		{280C7E12-7910-42B3-8602-912103542482}.Debug|Any CPU.ActiveCfg = Debug|Any CPU
		{280C7E12-7910-42B3-8602-912103542482}.Debug|Any CPU.Build.0 = Debug|Any CPU
		{280C7E12-7910-42B3-8602-912103542482}.Release|Any CPU.ActiveCfg = Release|Any CPU
		{280C7E12-7910-42B3-8602-912103542482}.Release|Any CPU.Build.0 = Release|Any CPU
		{F19E676F-21B0-41BB-A0EC-CC90414AAABB}.Debug|Any CPU.ActiveCfg = Debug|Any CPU
		{F19E676F-21B0-41BB-A0EC-CC90414AAABB}.Debug|Any CPU.Build.0 = Debug|Any CPU
		{F19E676F-21B0-41BB-A0EC-CC90414AAABB}.Release|Any CPU.ActiveCfg = Release|Any CPU
		{F19E676F-21B0-41BB-A0EC-CC90414AAABB}.Release|Any CPU.Build.0 = Release|Any CPU
		{D05B1E52-E324-49C5-87C0-E144A027F27B}.Debug|Any CPU.ActiveCfg = Debug|Any CPU
		{D05B1E52-E324-49C5-87C0-E144A027F27B}.Debug|Any CPU.Build.0 = Debug|Any CPU
		{D05B1E52-E324-49C5-87C0-E144A027F27B}.Release|Any CPU.ActiveCfg = Release|Any CPU
		{D05B1E52-E324-49C5-87C0-E144A027F27B}.Release|Any CPU.Build.0 = Release|Any CPU
		{BAD04A70-5ACB-48F9-9500-A0DC3931C54B}.Debug|Any CPU.ActiveCfg = Debug|Any CPU
		{BAD04A70-5ACB-48F9-9500-A0DC3931C54B}.Debug|Any CPU.Build.0 = Debug|Any CPU
		{BAD04A70-5ACB-48F9-9500-A0DC3931C54B}.Release|Any CPU.ActiveCfg = Release|Any CPU
		{BAD04A70-5ACB-48F9-9500-A0DC3931C54B}.Release|Any CPU.Build.0 = Release|Any CPU
		{834DCD3A-EDC5-4D85-9691-88479C04965B}.Debug|Any CPU.ActiveCfg = Debug|Any CPU
		{834DCD3A-EDC5-4D85-9691-88479C04965B}.Debug|Any CPU.Build.0 = Debug|Any CPU
		{834DCD3A-EDC5-4D85-9691-88479C04965B}.Release|Any CPU.ActiveCfg = Release|Any CPU
		{834DCD3A-EDC5-4D85-9691-88479C04965B}.Release|Any CPU.Build.0 = Release|Any CPU
		{36DA9791-875E-4173-B87D-6640248CAC06}.Debug|Any CPU.ActiveCfg = Debug|Any CPU
		{36DA9791-875E-4173-B87D-6640248CAC06}.Debug|Any CPU.Build.0 = Debug|Any CPU
		{36DA9791-875E-4173-B87D-6640248CAC06}.Release|Any CPU.ActiveCfg = Release|Any CPU
		{36DA9791-875E-4173-B87D-6640248CAC06}.Release|Any CPU.Build.0 = Release|Any CPU
		{4C06E3D0-9F7D-45F5-AB5B-41DCD989BC4C}.Debug|Any CPU.ActiveCfg = Debug|Any CPU
		{4C06E3D0-9F7D-45F5-AB5B-41DCD989BC4C}.Debug|Any CPU.Build.0 = Debug|Any CPU
		{4C06E3D0-9F7D-45F5-AB5B-41DCD989BC4C}.Release|Any CPU.ActiveCfg = Release|Any CPU
		{4C06E3D0-9F7D-45F5-AB5B-41DCD989BC4C}.Release|Any CPU.Build.0 = Release|Any CPU
		{795FA7DC-89C5-4F3A-8BD9-6BA08004A2A6}.Debug|Any CPU.ActiveCfg = Debug|Any CPU
		{795FA7DC-89C5-4F3A-8BD9-6BA08004A2A6}.Debug|Any CPU.Build.0 = Debug|Any CPU
		{795FA7DC-89C5-4F3A-8BD9-6BA08004A2A6}.Release|Any CPU.ActiveCfg = Release|Any CPU
		{795FA7DC-89C5-4F3A-8BD9-6BA08004A2A6}.Release|Any CPU.Build.0 = Release|Any CPU
		{9B5D99DF-7C15-4AE3-9B41-329A79D22243}.Debug|Any CPU.ActiveCfg = Debug|Any CPU
		{9B5D99DF-7C15-4AE3-9B41-329A79D22243}.Debug|Any CPU.Build.0 = Debug|Any CPU
		{9B5D99DF-7C15-4AE3-9B41-329A79D22243}.Release|Any CPU.ActiveCfg = Release|Any CPU
		{9B5D99DF-7C15-4AE3-9B41-329A79D22243}.Release|Any CPU.Build.0 = Release|Any CPU
		{DDD68024-6808-41AA-91B9-5678E0F9548F}.Debug|Any CPU.ActiveCfg = Debug|Any CPU
		{DDD68024-6808-41AA-91B9-5678E0F9548F}.Debug|Any CPU.Build.0 = Debug|Any CPU
		{DDD68024-6808-41AA-91B9-5678E0F9548F}.Release|Any CPU.ActiveCfg = Release|Any CPU
		{DDD68024-6808-41AA-91B9-5678E0F9548F}.Release|Any CPU.Build.0 = Release|Any CPU
	EndGlobalSection
	GlobalSection(SolutionProperties) = preSolution
		HideSolutionNode = FALSE
	EndGlobalSection
	GlobalSection(NestedProjects) = preSolution
		{6BD466B9-F04F-47E5-81B2-8C08BF39D054} = {44948098-D9C5-49B9-AB19-A3A5C2607704}
		{280C7E12-7910-42B3-8602-912103542482} = {9BE15BCB-7BF3-4766-9AAA-4F84685AED01}
		{F19E676F-21B0-41BB-A0EC-CC90414AAABB} = {9BE15BCB-7BF3-4766-9AAA-4F84685AED01}
		{D05B1E52-E324-49C5-87C0-E144A027F27B} = {9BE15BCB-7BF3-4766-9AAA-4F84685AED01}
		{BAD04A70-5ACB-48F9-9500-A0DC3931C54B} = {9BE15BCB-7BF3-4766-9AAA-4F84685AED01}
		{978E0C80-CC16-4A11-9687-02A26C41FFDF} = {E75BDB5E-D1DE-4318-B4E0-17B6E0898B9D}
		{834DCD3A-EDC5-4D85-9691-88479C04965B} = {978E0C80-CC16-4A11-9687-02A26C41FFDF}
		{36DA9791-875E-4173-B87D-6640248CAC06} = {978E0C80-CC16-4A11-9687-02A26C41FFDF}
		{73E880E4-4164-4716-B529-3E58F17473A4} = {978E0C80-CC16-4A11-9687-02A26C41FFDF}
		{4C06E3D0-9F7D-45F5-AB5B-41DCD989BC4C} = {73E880E4-4164-4716-B529-3E58F17473A4}
		{795FA7DC-89C5-4F3A-8BD9-6BA08004A2A6} = {73E880E4-4164-4716-B529-3E58F17473A4}
		{7BC0E798-A4E4-4E57-B6D7-DA097721CD39} = {E75BDB5E-D1DE-4318-B4E0-17B6E0898B9D}
		{9B5D99DF-7C15-4AE3-9B41-329A79D22243} = {7BC0E798-A4E4-4E57-B6D7-DA097721CD39}
		{DDD68024-6808-41AA-91B9-5678E0F9548F} = {E75BDB5E-D1DE-4318-B4E0-17B6E0898B9D}
	EndGlobalSection
	GlobalSection(ExtensibilityGlobals) = postSolution
		SolutionGuid = {3A0BF7EA-B2D8-42CB-B198-FDA02F72EC89}
	EndGlobalSection
EndGlobal
