
Microsoft Visual Studio Solution File, Format Version 12.00
# Visual Studio Version 17
VisualStudioVersion = 17.5.002.0
MinimumVisualStudioVersion = 10.0.40219.1
Project("{FAE04EC0-301F-11D3-BF4B-00C04F79EFBC}") = "model", "model\model.csproj", "{3EFF02D1-B093-4EAC-9854-DBC677ED3634}"
EndProject
Project("{FAE04EC0-301F-11D3-BF4B-00C04F79EFBC}") = "specs", "specs\specs.csproj", "{5C8A3771-016E-45FC-AF3E-66BF630CF52F}"
EndProject
Project("{2150E333-8FDC-42A3-9474-1A3956D46DE8}") = "cli", "cli", "{324342D6-E764-4604-A873-933FF310EDC4}"
EndProject
Project("{FAE04EC0-301F-11D3-BF4B-00C04F79EFBC}") = "cli", "cli\src\cli.csproj", "{2232602A-7B09-4D0F-B8D7-36CEE242173A}"
EndProject
Project("{FAE04EC0-301F-11D3-BF4B-00C04F79EFBC}") = "cli.tests", "cli\tests\cli.tests.csproj", "{F06E000C-69DC-4E3A-AA12-E277EF85FCB6}"
EndProject
Project("{2150E333-8FDC-42A3-9474-1A3956D46DE8}") = "WinTasks", "WinTasks", "{44948098-D9C5-49B9-AB19-A3A5C2607704}"
EndProject
Project("{FAE04EC0-301F-11D3-BF4B-00C04F79EFBC}") = "WinTasks", "WinTasks\src\WinTasks.csproj", "{6BD466B9-F04F-47E5-81B2-8C08BF39D054}"
EndProject
Project("{2150E333-8FDC-42A3-9474-1A3956D46DE8}") = "api", "api", "{6649B5E9-2270-4ADA-A583-AC337C3D1561}"
EndProject
Project("{FAE04EC0-301F-11D3-BF4B-00C04F79EFBC}") = "yaml-prompt-api", "api\src\yaml-prompt-api.csproj", "{206EEE9C-425E-4910-8482-781BE03E2783}"
EndProject
Global
	GlobalSection(SolutionConfigurationPlatforms) = preSolution
		Debug|Any CPU = Debug|Any CPU
		Release|Any CPU = Release|Any CPU
	EndGlobalSection
	GlobalSection(ProjectConfigurationPlatforms) = postSolution
		{3EFF02D1-B093-4EAC-9854-DBC677ED3634}.Debug|Any CPU.ActiveCfg = Debug|Any CPU
		{3EFF02D1-B093-4EAC-9854-DBC677ED3634}.Debug|Any CPU.Build.0 = Debug|Any CPU
		{3EFF02D1-B093-4EAC-9854-DBC677ED3634}.Release|Any CPU.ActiveCfg = Release|Any CPU
		{3EFF02D1-B093-4EAC-9854-DBC677ED3634}.Release|Any CPU.Build.0 = Release|Any CPU
		{5C8A3771-016E-45FC-AF3E-66BF630CF52F}.Debug|Any CPU.ActiveCfg = Debug|Any CPU
		{5C8A3771-016E-45FC-AF3E-66BF630CF52F}.Debug|Any CPU.Build.0 = Debug|Any CPU
		{5C8A3771-016E-45FC-AF3E-66BF630CF52F}.Release|Any CPU.ActiveCfg = Release|Any CPU
		{5C8A3771-016E-45FC-AF3E-66BF630CF52F}.Release|Any CPU.Build.0 = Release|Any CPU
		{2232602A-7B09-4D0F-B8D7-36CEE242173A}.Debug|Any CPU.ActiveCfg = Debug|Any CPU
		{2232602A-7B09-4D0F-B8D7-36CEE242173A}.Debug|Any CPU.Build.0 = Debug|Any CPU
		{2232602A-7B09-4D0F-B8D7-36CEE242173A}.Release|Any CPU.ActiveCfg = Release|Any CPU
		{2232602A-7B09-4D0F-B8D7-36CEE242173A}.Release|Any CPU.Build.0 = Release|Any CPU
		{F06E000C-69DC-4E3A-AA12-E277EF85FCB6}.Debug|Any CPU.ActiveCfg = Debug|Any CPU
		{F06E000C-69DC-4E3A-AA12-E277EF85FCB6}.Debug|Any CPU.Build.0 = Debug|Any CPU
		{F06E000C-69DC-4E3A-AA12-E277EF85FCB6}.Release|Any CPU.ActiveCfg = Release|Any CPU
		{F06E000C-69DC-4E3A-AA12-E277EF85FCB6}.Release|Any CPU.Build.0 = Release|Any CPU
		{6BD466B9-F04F-47E5-81B2-8C08BF39D054}.Debug|Any CPU.ActiveCfg = Debug|Any CPU
		{6BD466B9-F04F-47E5-81B2-8C08BF39D054}.Debug|Any CPU.Build.0 = Debug|Any CPU
		{6BD466B9-F04F-47E5-81B2-8C08BF39D054}.Release|Any CPU.ActiveCfg = Release|Any CPU
		{6BD466B9-F04F-47E5-81B2-8C08BF39D054}.Release|Any CPU.Build.0 = Release|Any CPU
		{206EEE9C-425E-4910-8482-781BE03E2783}.Debug|Any CPU.ActiveCfg = Debug|Any CPU
		{206EEE9C-425E-4910-8482-781BE03E2783}.Debug|Any CPU.Build.0 = Debug|Any CPU
		{206EEE9C-425E-4910-8482-781BE03E2783}.Release|Any CPU.ActiveCfg = Release|Any CPU
		{206EEE9C-425E-4910-8482-781BE03E2783}.Release|Any CPU.Build.0 = Release|Any CPU
	EndGlobalSection
	GlobalSection(SolutionProperties) = preSolution
		HideSolutionNode = FALSE
	EndGlobalSection
	GlobalSection(ExtensibilityGlobals) = postSolution
		SolutionGuid = {3A0BF7EA-B2D8-42CB-B198-FDA02F72EC89}
	EndGlobalSection
	GlobalSection(NestedProjects) = preSolution
		{2232602A-7B09-4D0F-B8D7-36CEE242173A} = {324342D6-E764-4604-A873-933FF310EDC4}
		{F06E000C-69DC-4E3A-AA12-E277EF85FCB6} = {324342D6-E764-4604-A873-933FF310EDC4}
		{6BD466B9-F04F-47E5-81B2-8C08BF39D054} = {44948098-D9C5-49B9-AB19-A3A5C2607704}
		{206EEE9C-425E-4910-8482-781BE03E2783} = {6649B5E9-2270-4ADA-A583-AC337C3D1561}
	EndGlobalSection
EndGlobal
